// !$*UTF8*$!
{
	archiveVersion = 1;
	classes = {
	};
	objectVersion = 46;
	objects = {

/* Begin PBXBuildFile section */
		BAAFDF231D511A1A00EA4B95 /* AppDelegate.swift in Sources */ = {isa = PBXBuildFile; fileRef = BAAFDF221D511A1A00EA4B95 /* AppDelegate.swift */; };
		BAAFDF251D511A1A00EA4B95 /* ViewController.swift in Sources */ = {isa = PBXBuildFile; fileRef = BAAFDF241D511A1A00EA4B95 /* ViewController.swift */; };
		BAAFDF281D511A1A00EA4B95 /* Main.storyboard in Resources */ = {isa = PBXBuildFile; fileRef = BAAFDF261D511A1A00EA4B95 /* Main.storyboard */; };
		BAAFDF2A1D511A1A00EA4B95 /* Assets.xcassets in Resources */ = {isa = PBXBuildFile; fileRef = BAAFDF291D511A1A00EA4B95 /* Assets.xcassets */; };
		BAAFDF2D1D511A1A00EA4B95 /* LaunchScreen.storyboard in Resources */ = {isa = PBXBuildFile; fileRef = BAAFDF2B1D511A1A00EA4B95 /* LaunchScreen.storyboard */; };
/* End PBXBuildFile section */

/* Begin PBXFileReference section */
		BAAFDF1F1D511A1A00EA4B95 /* FirstView.app */ = {isa = PBXFileReference; explicitFileType = wrapper.application; includeInIndex = 0; path = FirstView.app; sourceTree = BUILT_PRODUCTS_DIR; };
		BAAFDF221D511A1A00EA4B95 /* AppDelegate.swift */ = {isa = PBXFileReference; lastKnownFileType = sourcecode.swift; path = AppDelegate.swift; sourceTree = "<group>"; };
		BAAFDF241D511A1A00EA4B95 /* ViewController.swift */ = {isa = PBXFileReference; lastKnownFileType = sourcecode.swift; path = ViewController.swift; sourceTree = "<group>"; };
		BAAFDF271D511A1A00EA4B95 /* Base */ = {isa = PBXFileReference; lastKnownFileType = file.storyboard; name = Base; path = Base.lproj/Main.storyboard; sourceTree = "<group>"; };
		BAAFDF291D511A1A00EA4B95 /* Assets.xcassets */ = {isa = PBXFileReference; lastKnownFileType = folder.assetcatalog; path = Assets.xcassets; sourceTree = "<group>"; };
		BAAFDF2C1D511A1A00EA4B95 /* Base */ = {isa = PBXFileReference; lastKnownFileType = file.storyboard; name = Base; path = Base.lproj/LaunchScreen.storyboard; sourceTree = "<group>"; };
		BAAFDF2E1D511A1A00EA4B95 /* Info.plist */ = {isa = PBXFileReference; lastKnownFileType = text.plist.xml; path = Info.plist; sourceTree = "<group>"; };
/* End PBXFileReference section */

/* Begin PBXFrameworksBuildPhase section */
		BAAFDF1C1D511A1A00EA4B95 /* Frameworks */ = {
			isa = PBXFrameworksBuildPhase;
			buildActionMask = 2147483647;
			files = (
			);
			runOnlyForDeploymentPostprocessing = 0;
		};
/* End PBXFrameworksBuildPhase section */

/* Begin PBXGroup section */
		BAAFDF161D511A1A00EA4B95 = {
			isa = PBXGroup;
			children = (
				BAAFDF211D511A1A00EA4B95 /* FirstView */,
				BAAFDF201D511A1A00EA4B95 /* Products */,
			);
			sourceTree = "<group>";
		};
		BAAFDF201D511A1A00EA4B95 /* Products */ = {
			isa = PBXGroup;
			children = (
				BAAFDF1F1D511A1A00EA4B95 /* FirstView.app */,
			);
			name = Products;
			sourceTree = "<group>";
		};
		BAAFDF211D511A1A00EA4B95 /* FirstView */ = {
			isa = PBXGroup;
			children = (
				BAAFDF221D511A1A00EA4B95 /* AppDelegate.swift */,
				BAAFDF241D511A1A00EA4B95 /* ViewController.swift */,
				BAAFDF261D511A1A00EA4B95 /* Main.storyboard */,
				BAAFDF291D511A1A00EA4B95 /* Assets.xcassets */,
				BAAFDF2B1D511A1A00EA4B95 /* LaunchScreen.storyboard */,
				BAAFDF2E1D511A1A00EA4B95 /* Info.plist */,
			);
			path = FirstView;
			sourceTree = "<group>";
		};
/* End PBXGroup section */

/* Begin PBXNativeTarget section */
		BAAFDF1E1D511A1A00EA4B95 /* FirstView */ = {
			isa = PBXNativeTarget;
			buildConfigurationList = BAAFDF311D511A1A00EA4B95 /* Build configuration list for PBXNativeTarget "FirstView" */;
			buildPhases = (
				BAAFDF1B1D511A1A00EA4B95 /* Sources */,
				BAAFDF1C1D511A1A00EA4B95 /* Frameworks */,
				BAAFDF1D1D511A1A00EA4B95 /* Resources */,
			);
			buildRules = (
			);
			dependencies = (
			);
			name = FirstView;
			productName = FirstView;
			productReference = BAAFDF1F1D511A1A00EA4B95 /* FirstView.app */;
			productType = "com.apple.product-type.application";
		};
/* End PBXNativeTarget section */

/* Begin PBXProject section */
		BAAFDF171D511A1A00EA4B95 /* Project object */ = {
			isa = PBXProject;
			attributes = {
				LastSwiftUpdateCheck = 0730;
				LastUpgradeCheck = 0730;
				ORGANIZATIONNAME = "justFofan:)";
				TargetAttributes = {
					BAAFDF1E1D511A1A00EA4B95 = {
						CreatedOnToolsVersion = 7.3.1;
					};
				};
			};
			buildConfigurationList = BAAFDF1A1D511A1A00EA4B95 /* Build configuration list for PBXProject "FirstView" */;
			compatibilityVersion = "Xcode 3.2";
			developmentRegion = English;
			hasScannedForEncodings = 0;
			knownRegions = (
				en,
				Base,
			);
			mainGroup = BAAFDF161D511A1A00EA4B95;
			productRefGroup = BAAFDF201D511A1A00EA4B95 /* Products */;
			projectDirPath = "";
			projectRoot = "";
			targets = (
				BAAFDF1E1D511A1A00EA4B95 /* FirstView */,
			);
		};
/* End PBXProject section */

/* Begin PBXResourcesBuildPhase section */
		BAAFDF1D1D511A1A00EA4B95 /* Resources */ = {
			isa = PBXResourcesBuildPhase;
			buildActionMask = 2147483647;
			files = (
				BAAFDF2D1D511A1A00EA4B95 /* LaunchScreen.storyboard in Resources */,
				BAAFDF2A1D511A1A00EA4B95 /* Assets.xcassets in Resources */,
				BAAFDF281D511A1A00EA4B95 /* Main.storyboard in Resources */,
			);
			runOnlyForDeploymentPostprocessing = 0;
		};
/* End PBXResourcesBuildPhase section */

/* Begin PBXSourcesBuildPhase section */
		BAAFDF1B1D511A1A00EA4B95 /* Sources */ = {
			isa = PBXSourcesBuildPhase;
			buildActionMask = 2147483647;
			files = (
				BAAFDF251D511A1A00EA4B95 /* ViewController.swift in Sources */,
				BAAFDF231D511A1A00EA4B95 /* AppDelegate.swift in Sources */,
			);
			runOnlyForDeploymentPostprocessing = 0;
		};
/* End PBXSourcesBuildPhase section */

/* Begin PBXVariantGroup section */
		BAAFDF261D511A1A00EA4B95 /* Main.storyboard */ = {
			isa = PBXVariantGroup;
			children = (
				BAAFDF271D511A1A00EA4B95 /* Base */,
			);
			name = Main.storyboard;
			sourceTree = "<group>";
		};
		BAAFDF2B1D511A1A00EA4B95 /* LaunchScreen.storyboard */ = {
			isa = PBXVariantGroup;
			children = (
				BAAFDF2C1D511A1A00EA4B95 /* Base */,
			);
			name = LaunchScreen.storyboard;
			sourceTree = "<group>";
		};
/* End PBXVariantGroup section */

/* Begin XCBuildConfiguration section */
		BAAFDF2F1D511A1A00EA4B95 /* Debug */ = {
			isa = XCBuildConfiguration;
			buildSettings = {
				ALWAYS_SEARCH_USER_PATHS = NO;
				CLANG_ANALYZER_NONNULL = YES;
				CLANG_CXX_LANGUAGE_STANDARD = "gnu++0x";
				CLANG_CXX_LIBRARY = "libc++";
				CLANG_ENABLE_MODULES = YES;
				CLANG_ENABLE_OBJC_ARC = YES;
				CLANG_WARN_BOOL_CONVERSION = YES;
				CLANG_WARN_CONSTANT_CONVERSION = YES;
				CLANG_WARN_DIRECT_OBJC_ISA_USAGE = YES_ERROR;
				CLANG_WARN_EMPTY_BODY = YES;
				CLANG_WARN_ENUM_CONVERSION = YES;
				CLANG_WARN_INT_CONVERSION = YES;
				CLANG_WARN_OBJC_ROOT_CLASS = YES_ERROR;
				CLANG_WARN_UNREACHABLE_CODE = YES;
				CLANG_WARN__DUPLICATE_METHOD_MATCH = YES;
				"CODE_SIGN_IDENTITY[sdk=iphoneos*]" = "iPhone Developer";
				COPY_PHASE_STRIP = NO;
				DEBUG_INFORMATION_FORMAT = dwarf;
				ENABLE_STRICT_OBJC_MSGSEND = YES;
				ENABLE_TESTABILITY = YES;
				GCC_C_LANGUAGE_STANDARD = gnu99;
				GCC_DYNAMIC_NO_PIC = NO;
				GCC_NO_COMMON_BLOCKS = YES;
				GCC_OPTIMIZATION_LEVEL = 0;
				GCC_PREPROCESSOR_DEFINITIONS = (
					"DEBUG=1",
					"$(inherited)",
				);
				GCC_WARN_64_TO_32_BIT_CONVERSION = YES;
				GCC_WARN_ABOUT_RETURN_TYPE = YES_ERROR;
				GCC_WARN_UNDECLARED_SELECTOR = YES;
				GCC_WARN_UNINITIALIZED_AUTOS = YES_AGGRESSIVE;
				GCC_WARN_UNUSED_FUNCTION = YES;
				GCC_WARN_UNUSED_VARIABLE = YES;
				IPHONEOS_DEPLOYMENT_TARGET = 9.3;
				MTL_ENABLE_DEBUG_INFO = YES;
				ONLY_ACTIVE_ARCH = YES;
				SDKROOT = iphoneos;
				SWIFT_OPTIMIZATION_LEVEL = "-Onone";
			};
			name = Debug;
		};
		BAAFDF301D511A1A00EA4B95 /* Release */ = {
			isa = XCBuildConfiguration;
			buildSettings = {
				ALWAYS_SEARCH_USER_PATHS = NO;
				CLANG_ANALYZER_NONNULL = YES;
				CLANG_CXX_LANGUAGE_STANDARD = "gnu++0x";
				CLANG_CXX_LIBRARY = "libc++";
				CLANG_ENABLE_MODULES = YES;
				CLANG_ENABLE_OBJC_ARC = YES;
				CLANG_WARN_BOOL_CONVERSION = YES;
				CLANG_WARN_CONSTANT_CONVERSION = YES;
				CLANG_WARN_DIRECT_OBJC_ISA_USAGE = YES_ERROR;
				CLANG_WARN_EMPTY_BODY = YES;
				CLANG_WARN_ENUM_CONVERSION = YES;
				CLANG_WARN_INT_CONVERSION = YES;
				CLANG_WARN_OBJC_ROOT_CLASS = YES_ERROR;
				CLANG_WARN_UNREACHABLE_CODE = YES;
				CLANG_WARN__DUPLICATE_METHOD_MATCH = YES;
				"CODE_SIGN_IDENTITY[sdk=iphoneos*]" = "iPhone Developer";
				COPY_PHASE_STRIP = NO;
				DEBUG_INFORMATION_FORMAT = "dwarf-with-dsym";
				ENABLE_NS_ASSERTIONS = NO;
				ENABLE_STRICT_OBJC_MSGSEND = YES;
				GCC_C_LANGUAGE_STANDARD = gnu99;
				GCC_NO_COMMON_BLOCKS = YES;
				GCC_WARN_64_TO_32_BIT_CONVERSION = YES;
				GCC_WARN_ABOUT_RETURN_TYPE = YES_ERROR;
				GCC_WARN_UNDECLARED_SELECTOR = YES;
				GCC_WARN_UNINITIALIZED_AUTOS = YES_AGGRESSIVE;
				GCC_WARN_UNUSED_FUNCTION = YES;
				GCC_WARN_UNUSED_VARIABLE = YES;
				IPHONEOS_DEPLOYMENT_TARGET = 9.3;
				MTL_ENABLE_DEBUG_INFO = NO;
				SDKROOT = iphoneos;
				VALIDATE_PRODUCT = YES;
			};
			name = Release;
		};
		BAAFDF321D511A1A00EA4B95 /* Debug */ = {
			isa = XCBuildConfiguration;
			buildSettings = {
				ASSETCATALOG_COMPILER_APPICON_NAME = AppIcon;
				INFOPLIST_FILE = FirstView/Info.plist;
				LD_RUNPATH_SEARCH_PATHS = "$(inherited) @executable_path/Frameworks";
				PRODUCT_BUNDLE_IDENTIFIER = com.devslopes.FirstView;
				PRODUCT_NAME = "$(TARGET_NAME)";
			};
			name = Debug;
		};
		BAAFDF331D511A1A00EA4B95 /* Release */ = {
			isa = XCBuildConfiguration;
			buildSettings = {
				ASSETCATALOG_COMPILER_APPICON_NAME = AppIcon;
				INFOPLIST_FILE = FirstView/Info.plist;
				LD_RUNPATH_SEARCH_PATHS = "$(inherited) @executable_path/Frameworks";
				PRODUCT_BUNDLE_IDENTIFIER = com.devslopes.FirstView;
				PRODUCT_NAME = "$(TARGET_NAME)";
			};
			name = Release;
		};
/* End XCBuildConfiguration section */

/* Begin XCConfigurationList section */
		BAAFDF1A1D511A1A00EA4B95 /* Build configuration list for PBXProject "FirstView" */ = {
			isa = XCConfigurationList;
			buildConfigurations = (
				BAAFDF2F1D511A1A00EA4B95 /* Debug */,
				BAAFDF301D511A1A00EA4B95 /* Release */,
			);
			defaultConfigurationIsVisible = 0;
			defaultConfigurationName = Release;
		};
		BAAFDF311D511A1A00EA4B95 /* Build configuration list for PBXNativeTarget "FirstView" */ = {
			isa = XCConfigurationList;
			buildConfigurations = (
				BAAFDF321D511A1A00EA4B95 /* Debug */,
				BAAFDF331D511A1A00EA4B95 /* Release */,
			);
			defaultConfigurationIsVisible = 0;
		};
/* End XCConfigurationList section */
	};
	rootObject = BAAFDF171D511A1A00EA4B95 /* Project object */;
}
